PODS:
  - ConfigFile (1.1.0):
    - Files (~> 2.0.0)
  - Files (2.0.1)
  - PageLoader (1.0.11)

DEPENDENCIES:
  - ConfigFile (~> 1.1.0)
  - Files (~> 2.0.1)
  - PageLoader (~> 1.0.0)

SPEC REPOS:
  https://github.com/cocoapods/specs.git:
    - Files
  https://github.com/shvets/Specs.git:
    - ConfigFile
    - PageLoader

SPEC CHECKSUMS:
  ConfigFile: 80f510c5f83db891b3cfd69ed897366c829494ae
  Files: 2a80d8a2fafef38a7a590ef24634a829157e7305
  PageLoader: 16731ab638f3907fb9a6d45a2865e7724e0a74a7

PODFILE CHECKSUM: b213a6f5402b4aaecd5bea97135687c5250d87d8

COCOAPODS: 1.5.3
