// !$*UTF8*$!
{
	archiveVersion = 1;
	classes = {
	};
	objectVersion = 46;
	objects = {

/* Begin PBXBuildFile section */
		2DBA122A2880C797CB3BEE96 /* PageLoader.swift in Sources */ = {isa = PBXBuildFile; fileRef = 2DBA13DF7E60D844863A0EC4 /* PageLoader.swift */; };
		2DBA12FB727943A7CB848BDE /* AudioItemsController.swift in Sources */ = {isa = PBXBuildFile; fileRef = 2DBA105C152BF7E167406070 /* AudioItemsController.swift */; };
		2DBA1434DD5068A907659CCC /* JsonConverter.swift in Sources */ = {isa = PBXBuildFile; fileRef = 2DBA152331110782E4D6DEF2 /* JsonConverter.swift */; };
		2DBA17E4A996C78809B81874 /* AudioVersionsController.swift in Sources */ = {isa = PBXBuildFile; fileRef = 2DBA1BB3CB2E7A886918F177 /* AudioVersionsController.swift */; };
		2DBA1CE5A9187CA4C4D73BEB /* PlainSpinner.swift in Sources */ = {isa = PBXBuildFile; fileRef = 2DBA10ACA2FF6A6ADA90F8C0 /* PlainSpinner.swift */; };
		2DBA1F26A156367EE7CF5C61 /* Spinner.swift in Sources */ = {isa = PBXBuildFile; fileRef = 2DBA1490B13B6765C40B6D3C /* Spinner.swift */; };
		363AED2E1EA6AECC001DA8E1 /* AudioPlayer.framework in Frameworks */ = {isa = PBXBuildFile; fileRef = 363AED241EA6AECC001DA8E1 /* AudioPlayer.framework */; };
		363AED331EA6AECC001DA8E1 /* AudioPlayerTests.swift in Sources */ = {isa = PBXBuildFile; fileRef = 363AED321EA6AECC001DA8E1 /* AudioPlayerTests.swift */; };
		363AED351EA6AECD001DA8E1 /* AudioPlayer.h in Headers */ = {isa = PBXBuildFile; fileRef = 363AED271EA6AECC001DA8E1 /* AudioPlayer.h */; settings = {ATTRIBUTES = (Public, ); }; };
		363AED431EA6AFF2001DA8E1 /* AudioPlayer.swift in Sources */ = {isa = PBXBuildFile; fileRef = 363AED3F1EA6AFF2001DA8E1 /* AudioPlayer.swift */; };
		363AED441EA6AFF2001DA8E1 /* AudioPlayerController.swift in Sources */ = {isa = PBXBuildFile; fileRef = 363AED401EA6AFF2001DA8E1 /* AudioPlayerController.swift */; };
		36F91E351EA6B5A2007E152D /* SwiftyJSON.framework in Frameworks */ = {isa = PBXBuildFile; fileRef = 36F91E341EA6B5A2007E152D /* SwiftyJSON.framework */; };
		D56A725D01D42E81FBA4C46A /* AudioItem.swift in Sources */ = {isa = PBXBuildFile; fileRef = D56A76B4F13A70BF4150DD3E /* AudioItem.swift */; };
		D56A778AD8F1314E3324DD7A /* Storage.swift in Sources */ = {isa = PBXBuildFile; fileRef = D56A7BB0FE43E468011E0D5D /* Storage.swift */; };
		D56A79768EB25373EFC524DB /* AudioPlayerUI.swift in Sources */ = {isa = PBXBuildFile; fileRef = D56A780B3176FAC4F3A0746F /* AudioPlayerUI.swift */; };
		D56A7C28A3C4B77849C6814B /* FileStorage.swift in Sources */ = {isa = PBXBuildFile; fileRef = D56A73D05E56C5F4E94E1859 /* FileStorage.swift */; };
/* End PBXBuildFile section */

/* Begin PBXContainerItemProxy section */
		363AED2F1EA6AECC001DA8E1 /* PBXContainerItemProxy */ = {
			isa = PBXContainerItemProxy;
			containerPortal = 363AED1B1EA6AECC001DA8E1 /* Project object */;
			proxyType = 1;
			remoteGlobalIDString = 363AED231EA6AECC001DA8E1;
			remoteInfo = AudioPlayer;
		};
/* End PBXContainerItemProxy section */

/* Begin PBXFileReference section */
		2DBA105C152BF7E167406070 /* AudioItemsController.swift */ = {isa = PBXFileReference; fileEncoding = 4; lastKnownFileType = sourcecode.swift; path = AudioItemsController.swift; sourceTree = "<group>"; };
		2DBA10ACA2FF6A6ADA90F8C0 /* PlainSpinner.swift */ = {isa = PBXFileReference; fileEncoding = 4; lastKnownFileType = sourcecode.swift; path = PlainSpinner.swift; sourceTree = "<group>"; };
		2DBA13DF7E60D844863A0EC4 /* PageLoader.swift */ = {isa = PBXFileReference; fileEncoding = 4; lastKnownFileType = sourcecode.swift; path = PageLoader.swift; sourceTree = "<group>"; };
		2DBA1490B13B6765C40B6D3C /* Spinner.swift */ = {isa = PBXFileReference; fileEncoding = 4; lastKnownFileType = sourcecode.swift; path = Spinner.swift; sourceTree = "<group>"; };
		2DBA152331110782E4D6DEF2 /* JsonConverter.swift */ = {isa = PBXFileReference; fileEncoding = 4; lastKnownFileType = sourcecode.swift; path = JsonConverter.swift; sourceTree = "<group>"; };
		2DBA1BB3CB2E7A886918F177 /* AudioVersionsController.swift */ = {isa = PBXFileReference; fileEncoding = 4; lastKnownFileType = sourcecode.swift; path = AudioVersionsController.swift; sourceTree = "<group>"; };
		363AED241EA6AECC001DA8E1 /* AudioPlayer.framework */ = {isa = PBXFileReference; explicitFileType = wrapper.framework; includeInIndex = 0; path = AudioPlayer.framework; sourceTree = BUILT_PRODUCTS_DIR; };
		363AED271EA6AECC001DA8E1 /* AudioPlayer.h */ = {isa = PBXFileReference; lastKnownFileType = sourcecode.c.h; path = AudioPlayer.h; sourceTree = "<group>"; };
		363AED281EA6AECC001DA8E1 /* Info.plist */ = {isa = PBXFileReference; lastKnownFileType = text.plist.xml; path = Info.plist; sourceTree = "<group>"; };
		363AED2D1EA6AECC001DA8E1 /* AudioPlayerTests.xctest */ = {isa = PBXFileReference; explicitFileType = wrapper.cfbundle; includeInIndex = 0; path = AudioPlayerTests.xctest; sourceTree = BUILT_PRODUCTS_DIR; };
		363AED321EA6AECC001DA8E1 /* AudioPlayerTests.swift */ = {isa = PBXFileReference; lastKnownFileType = sourcecode.swift; path = AudioPlayerTests.swift; sourceTree = "<group>"; };
		363AED341EA6AECD001DA8E1 /* Info.plist */ = {isa = PBXFileReference; lastKnownFileType = text.plist.xml; path = Info.plist; sourceTree = "<group>"; };
		363AED3F1EA6AFF2001DA8E1 /* AudioPlayer.swift */ = {isa = PBXFileReference; fileEncoding = 4; lastKnownFileType = sourcecode.swift; path = AudioPlayer.swift; sourceTree = "<group>"; };
		363AED401EA6AFF2001DA8E1 /* AudioPlayerController.swift */ = {isa = PBXFileReference; fileEncoding = 4; lastKnownFileType = sourcecode.swift; path = AudioPlayerController.swift; sourceTree = "<group>"; };
		36F91E341EA6B5A2007E152D /* SwiftyJSON.framework */ = {isa = PBXFileReference; lastKnownFileType = wrapper.framework; name = SwiftyJSON.framework; path = "../../../../../../../Library/Developer/Xcode/DerivedData/AudioPlayer-enetrcrhqtovwmdvlzjwbmazjaga/Build/Products/Debug-appletvos/SwiftyJSON.framework"; sourceTree = "<group>"; };
		D56A73D05E56C5F4E94E1859 /* FileStorage.swift */ = {isa = PBXFileReference; fileEncoding = 4; lastKnownFileType = sourcecode.swift; path = FileStorage.swift; sourceTree = "<group>"; };
		D56A76B4F13A70BF4150DD3E /* AudioItem.swift */ = {isa = PBXFileReference; fileEncoding = 4; lastKnownFileType = sourcecode.swift; path = AudioItem.swift; sourceTree = "<group>"; };
		D56A780B3176FAC4F3A0746F /* AudioPlayerUI.swift */ = {isa = PBXFileReference; fileEncoding = 4; lastKnownFileType = sourcecode.swift; path = AudioPlayerUI.swift; sourceTree = "<group>"; };
		D56A7BB0FE43E468011E0D5D /* Storage.swift */ = {isa = PBXFileReference; fileEncoding = 4; lastKnownFileType = sourcecode.swift; path = Storage.swift; sourceTree = "<group>"; };
/* End PBXFileReference section */

/* Begin PBXFrameworksBuildPhase section */
		363AED201EA6AECC001DA8E1 /* Frameworks */ = {
			isa = PBXFrameworksBuildPhase;
			buildActionMask = 2147483647;
			files = (
				36F91E351EA6B5A2007E152D /* SwiftyJSON.framework in Frameworks */,
			);
			runOnlyForDeploymentPostprocessing = 0;
		};
		363AED2A1EA6AECC001DA8E1 /* Frameworks */ = {
			isa = PBXFrameworksBuildPhase;
			buildActionMask = 2147483647;
			files = (
				363AED2E1EA6AECC001DA8E1 /* AudioPlayer.framework in Frameworks */,
			);
			runOnlyForDeploymentPostprocessing = 0;
		};
/* End PBXFrameworksBuildPhase section */

/* Begin PBXGroup section */
		363AED1A1EA6AECC001DA8E1 = {
			isa = PBXGroup;
			children = (
				363AED261EA6AECC001DA8E1 /* Sources */,
				363AED311EA6AECC001DA8E1 /* AudioPlayerTests */,
				363AED251EA6AECC001DA8E1 /* Products */,
				36F91E331EA6B5A2007E152D /* Frameworks */,
			);
			sourceTree = "<group>";
		};
		363AED251EA6AECC001DA8E1 /* Products */ = {
			isa = PBXGroup;
			children = (
				363AED241EA6AECC001DA8E1 /* AudioPlayer.framework */,
				363AED2D1EA6AECC001DA8E1 /* AudioPlayerTests.xctest */,
			);
			name = Products;
			sourceTree = "<group>";
		};
		363AED261EA6AECC001DA8E1 /* Sources */ = {
			isa = PBXGroup;
			children = (
				363AED3F1EA6AFF2001DA8E1 /* AudioPlayer.swift */,
				363AED401EA6AFF2001DA8E1 /* AudioPlayerController.swift */,
				363AED271EA6AECC001DA8E1 /* AudioPlayer.h */,
				363AED281EA6AECC001DA8E1 /* Info.plist */,
				D56A780B3176FAC4F3A0746F /* AudioPlayerUI.swift */,
				D56A76B4F13A70BF4150DD3E /* AudioItem.swift */,
				D56A7BB0FE43E468011E0D5D /* Storage.swift */,
				D56A73D05E56C5F4E94E1859 /* FileStorage.swift */,
				2DBA152331110782E4D6DEF2 /* JsonConverter.swift */,
				2DBA105C152BF7E167406070 /* AudioItemsController.swift */,
				2DBA10ACA2FF6A6ADA90F8C0 /* PlainSpinner.swift */,
				2DBA1490B13B6765C40B6D3C /* Spinner.swift */,
				2DBA13DF7E60D844863A0EC4 /* PageLoader.swift */,
				2DBA1BB3CB2E7A886918F177 /* AudioVersionsController.swift */,
			);
			path = Sources;
			sourceTree = "<group>";
		};
		363AED311EA6AECC001DA8E1 /* AudioPlayerTests */ = {
			isa = PBXGroup;
			children = (
				363AED321EA6AECC001DA8E1 /* AudioPlayerTests.swift */,
				363AED341EA6AECD001DA8E1 /* Info.plist */,
			);
			path = AudioPlayerTests;
			sourceTree = "<group>";
		};
		36F91E331EA6B5A2007E152D /* Frameworks */ = {
			isa = PBXGroup;
			children = (
				36F91E341EA6B5A2007E152D /* SwiftyJSON.framework */,
			);
			name = Frameworks;
			sourceTree = "<group>";
		};
/* End PBXGroup section */

/* Begin PBXHeadersBuildPhase section */
		363AED211EA6AECC001DA8E1 /* Headers */ = {
			isa = PBXHeadersBuildPhase;
			buildActionMask = 2147483647;
			files = (
				363AED351EA6AECD001DA8E1 /* AudioPlayer.h in Headers */,
			);
			runOnlyForDeploymentPostprocessing = 0;
		};
/* End PBXHeadersBuildPhase section */

/* Begin PBXNativeTarget section */
		363AED231EA6AECC001DA8E1 /* AudioPlayer */ = {
			isa = PBXNativeTarget;
			buildConfigurationList = 363AED381EA6AECD001DA8E1 /* Build configuration list for PBXNativeTarget "AudioPlayer" */;
			buildPhases = (
				363AED1F1EA6AECC001DA8E1 /* Sources */,
				363AED201EA6AECC001DA8E1 /* Frameworks */,
				363AED211EA6AECC001DA8E1 /* Headers */,
				363AED221EA6AECC001DA8E1 /* Resources */,
			);
			buildRules = (
			);
			dependencies = (
			);
			name = AudioPlayer;
			productName = AudioPlayer;
			productReference = 363AED241EA6AECC001DA8E1 /* AudioPlayer.framework */;
			productType = "com.apple.product-type.framework";
		};
		363AED2C1EA6AECC001DA8E1 /* AudioPlayerTests */ = {
			isa = PBXNativeTarget;
			buildConfigurationList = 363AED3B1EA6AECD001DA8E1 /* Build configuration list for PBXNativeTarget "AudioPlayerTests" */;
			buildPhases = (
				363AED291EA6AECC001DA8E1 /* Sources */,
				363AED2A1EA6AECC001DA8E1 /* Frameworks */,
				363AED2B1EA6AECC001DA8E1 /* Resources */,
			);
			buildRules = (
			);
			dependencies = (
				363AED301EA6AECC001DA8E1 /* PBXTargetDependency */,
			);
			name = AudioPlayerTests;
			productName = AudioPlayerTests;
			productReference = 363AED2D1EA6AECC001DA8E1 /* AudioPlayerTests.xctest */;
			productType = "com.apple.product-type.bundle.unit-test";
		};
/* End PBXNativeTarget section */

/* Begin PBXProject section */
		363AED1B1EA6AECC001DA8E1 /* Project object */ = {
			isa = PBXProject;
			attributes = {
				LastSwiftUpdateCheck = 0830;
				LastUpgradeCheck = 0830;
				ORGANIZATIONNAME = "Alexander Shvets";
				TargetAttributes = {
					363AED231EA6AECC001DA8E1 = {
						CreatedOnToolsVersion = 8.3.1;
						DevelopmentTeam = Y63DEDERL2;
						LastSwiftMigration = 0830;
						ProvisioningStyle = Automatic;
					};
					363AED2C1EA6AECC001DA8E1 = {
						CreatedOnToolsVersion = 8.3.1;
						DevelopmentTeam = Y63DEDERL2;
						ProvisioningStyle = Automatic;
					};
				};
			};
			buildConfigurationList = 363AED1E1EA6AECC001DA8E1 /* Build configuration list for PBXProject "AudioPlayer" */;
			compatibilityVersion = "Xcode 3.2";
			developmentRegion = English;
			hasScannedForEncodings = 0;
			knownRegions = (
				en,
			);
			mainGroup = 363AED1A1EA6AECC001DA8E1;
			productRefGroup = 363AED251EA6AECC001DA8E1 /* Products */;
			projectDirPath = "";
			projectRoot = "";
			targets = (
				363AED231EA6AECC001DA8E1 /* AudioPlayer */,
				363AED2C1EA6AECC001DA8E1 /* AudioPlayerTests */,
			);
		};
/* End PBXProject section */

/* Begin PBXResourcesBuildPhase section */
		363AED221EA6AECC001DA8E1 /* Resources */ = {
			isa = PBXResourcesBuildPhase;
			buildActionMask = 2147483647;
			files = (
			);
			runOnlyForDeploymentPostprocessing = 0;
		};
		363AED2B1EA6AECC001DA8E1 /* Resources */ = {
			isa = PBXResourcesBuildPhase;
			buildActionMask = 2147483647;
			files = (
			);
			runOnlyForDeploymentPostprocessing = 0;
		};
/* End PBXResourcesBuildPhase section */

/* Begin PBXSourcesBuildPhase section */
		363AED1F1EA6AECC001DA8E1 /* Sources */ = {
			isa = PBXSourcesBuildPhase;
			buildActionMask = 2147483647;
			files = (
				363AED431EA6AFF2001DA8E1 /* AudioPlayer.swift in Sources */,
				363AED441EA6AFF2001DA8E1 /* AudioPlayerController.swift in Sources */,
				D56A79768EB25373EFC524DB /* AudioPlayerUI.swift in Sources */,
				D56A725D01D42E81FBA4C46A /* AudioItem.swift in Sources */,
				D56A778AD8F1314E3324DD7A /* Storage.swift in Sources */,
				D56A7C28A3C4B77849C6814B /* FileStorage.swift in Sources */,
				2DBA1434DD5068A907659CCC /* JsonConverter.swift in Sources */,
				2DBA12FB727943A7CB848BDE /* AudioItemsController.swift in Sources */,
				2DBA1CE5A9187CA4C4D73BEB /* PlainSpinner.swift in Sources */,
				2DBA1F26A156367EE7CF5C61 /* Spinner.swift in Sources */,
				2DBA122A2880C797CB3BEE96 /* PageLoader.swift in Sources */,
				2DBA17E4A996C78809B81874 /* AudioVersionsController.swift in Sources */,
			);
			runOnlyForDeploymentPostprocessing = 0;
		};
		363AED291EA6AECC001DA8E1 /* Sources */ = {
			isa = PBXSourcesBuildPhase;
			buildActionMask = 2147483647;
			files = (
				363AED331EA6AECC001DA8E1 /* AudioPlayerTests.swift in Sources */,
			);
			runOnlyForDeploymentPostprocessing = 0;
		};
/* End PBXSourcesBuildPhase section */

/* Begin PBXTargetDependency section */
		363AED301EA6AECC001DA8E1 /* PBXTargetDependency */ = {
			isa = PBXTargetDependency;
			target = 363AED231EA6AECC001DA8E1 /* AudioPlayer */;
			targetProxy = 363AED2F1EA6AECC001DA8E1 /* PBXContainerItemProxy */;
		};
/* End PBXTargetDependency section */

/* Begin XCBuildConfiguration section */
		363AED361EA6AECD001DA8E1 /* Debug */ = {
			isa = XCBuildConfiguration;
			buildSettings = {
				ALWAYS_SEARCH_USER_PATHS = NO;
				CLANG_ANALYZER_NONNULL = YES;
				CLANG_ANALYZER_NUMBER_OBJECT_CONVERSION = YES_AGGRESSIVE;
				CLANG_CXX_LANGUAGE_STANDARD = "gnu++0x";
				CLANG_CXX_LIBRARY = "libc++";
				CLANG_ENABLE_MODULES = YES;
				CLANG_ENABLE_OBJC_ARC = YES;
				CLANG_WARN_BOOL_CONVERSION = YES;
				CLANG_WARN_CONSTANT_CONVERSION = YES;
				CLANG_WARN_DIRECT_OBJC_ISA_USAGE = YES_ERROR;
				CLANG_WARN_DOCUMENTATION_COMMENTS = YES;
				CLANG_WARN_EMPTY_BODY = YES;
				CLANG_WARN_ENUM_CONVERSION = YES;
				CLANG_WARN_INFINITE_RECURSION = YES;
				CLANG_WARN_INT_CONVERSION = YES;
				CLANG_WARN_OBJC_ROOT_CLASS = YES_ERROR;
				CLANG_WARN_SUSPICIOUS_MOVE = YES;
				CLANG_WARN_UNREACHABLE_CODE = YES;
				CLANG_WARN__DUPLICATE_METHOD_MATCH = YES;
				"CODE_SIGN_IDENTITY[sdk=iphoneos*]" = "iPhone Developer";
				COPY_PHASE_STRIP = NO;
				CURRENT_PROJECT_VERSION = 1;
				DEBUG_INFORMATION_FORMAT = dwarf;
				ENABLE_STRICT_OBJC_MSGSEND = YES;
				ENABLE_TESTABILITY = YES;
				GCC_C_LANGUAGE_STANDARD = gnu99;
				GCC_DYNAMIC_NO_PIC = NO;
				GCC_NO_COMMON_BLOCKS = YES;
				GCC_OPTIMIZATION_LEVEL = 0;
				GCC_PREPROCESSOR_DEFINITIONS = (
					"DEBUG=1",
					"$(inherited)",
				);
				GCC_WARN_64_TO_32_BIT_CONVERSION = YES;
				GCC_WARN_ABOUT_RETURN_TYPE = YES_ERROR;
				GCC_WARN_UNDECLARED_SELECTOR = YES;
				GCC_WARN_UNINITIALIZED_AUTOS = YES_AGGRESSIVE;
				GCC_WARN_UNUSED_FUNCTION = YES;
				GCC_WARN_UNUSED_VARIABLE = YES;
				IPHONEOS_DEPLOYMENT_TARGET = 10.3;
				MTL_ENABLE_DEBUG_INFO = YES;
				ONLY_ACTIVE_ARCH = YES;
				SDKROOT = iphoneos;
				SWIFT_ACTIVE_COMPILATION_CONDITIONS = DEBUG;
				SWIFT_OPTIMIZATION_LEVEL = "-Onone";
				TARGETED_DEVICE_FAMILY = "1,2";
				VERSIONING_SYSTEM = "apple-generic";
				VERSION_INFO_PREFIX = "";
			};
			name = Debug;
		};
		363AED371EA6AECD001DA8E1 /* Release */ = {
			isa = XCBuildConfiguration;
			buildSettings = {
				ALWAYS_SEARCH_USER_PATHS = NO;
				CLANG_ANALYZER_NONNULL = YES;
				CLANG_ANALYZER_NUMBER_OBJECT_CONVERSION = YES_AGGRESSIVE;
				CLANG_CXX_LANGUAGE_STANDARD = "gnu++0x";
				CLANG_CXX_LIBRARY = "libc++";
				CLANG_ENABLE_MODULES = YES;
				CLANG_ENABLE_OBJC_ARC = YES;
				CLANG_WARN_BOOL_CONVERSION = YES;
				CLANG_WARN_CONSTANT_CONVERSION = YES;
				CLANG_WARN_DIRECT_OBJC_ISA_USAGE = YES_ERROR;
				CLANG_WARN_DOCUMENTATION_COMMENTS = YES;
				CLANG_WARN_EMPTY_BODY = YES;
				CLANG_WARN_ENUM_CONVERSION = YES;
				CLANG_WARN_INFINITE_RECURSION = YES;
				CLANG_WARN_INT_CONVERSION = YES;
				CLANG_WARN_OBJC_ROOT_CLASS = YES_ERROR;
				CLANG_WARN_SUSPICIOUS_MOVE = YES;
				CLANG_WARN_UNREACHABLE_CODE = YES;
				CLANG_WARN__DUPLICATE_METHOD_MATCH = YES;
				"CODE_SIGN_IDENTITY[sdk=iphoneos*]" = "iPhone Developer";
				COPY_PHASE_STRIP = NO;
				CURRENT_PROJECT_VERSION = 1;
				DEBUG_INFORMATION_FORMAT = "dwarf-with-dsym";
				ENABLE_NS_ASSERTIONS = NO;
				ENABLE_STRICT_OBJC_MSGSEND = YES;
				GCC_C_LANGUAGE_STANDARD = gnu99;
				GCC_NO_COMMON_BLOCKS = YES;
				GCC_WARN_64_TO_32_BIT_CONVERSION = YES;
				GCC_WARN_ABOUT_RETURN_TYPE = YES_ERROR;
				GCC_WARN_UNDECLARED_SELECTOR = YES;
				GCC_WARN_UNINITIALIZED_AUTOS = YES_AGGRESSIVE;
				GCC_WARN_UNUSED_FUNCTION = YES;
				GCC_WARN_UNUSED_VARIABLE = YES;
				IPHONEOS_DEPLOYMENT_TARGET = 10.3;
				MTL_ENABLE_DEBUG_INFO = NO;
				SDKROOT = iphoneos;
				SWIFT_OPTIMIZATION_LEVEL = "-Owholemodule";
				TARGETED_DEVICE_FAMILY = "1,2";
				VALIDATE_PRODUCT = YES;
				VERSIONING_SYSTEM = "apple-generic";
				VERSION_INFO_PREFIX = "";
			};
			name = Release;
		};
		363AED391EA6AECD001DA8E1 /* Debug */ = {
			isa = XCBuildConfiguration;
			buildSettings = {
				CLANG_ENABLE_MODULES = YES;
				CODE_SIGN_IDENTITY = "";
				DEFINES_MODULE = YES;
				DEVELOPMENT_TEAM = Y63DEDERL2;
				DYLIB_COMPATIBILITY_VERSION = 1;
				DYLIB_CURRENT_VERSION = 1;
				DYLIB_INSTALL_NAME_BASE = "@rpath";
				INFOPLIST_FILE = Sources/Info.plist;
				INSTALL_PATH = "$(LOCAL_LIBRARY_DIR)/Frameworks";
				LD_RUNPATH_SEARCH_PATHS = "$(inherited) @executable_path/Frameworks @loader_path/Frameworks";
				PRODUCT_BUNDLE_IDENTIFIER = com.rubikon.AudioPlayer;
				PRODUCT_NAME = "$(TARGET_NAME)";
				SKIP_INSTALL = YES;
				SUPPORTED_PLATFORMS = "macosx iphoneos iphonesimulator appletvos appletvsimulator watchos watchsimulator";
				SWIFT_OPTIMIZATION_LEVEL = "-Onone";
				SWIFT_VERSION = 3.0;
			};
			name = Debug;
		};
		363AED3A1EA6AECD001DA8E1 /* Release */ = {
			isa = XCBuildConfiguration;
			buildSettings = {
				CLANG_ENABLE_MODULES = YES;
				CODE_SIGN_IDENTITY = "";
				DEFINES_MODULE = YES;
				DEVELOPMENT_TEAM = Y63DEDERL2;
				DYLIB_COMPATIBILITY_VERSION = 1;
				DYLIB_CURRENT_VERSION = 1;
				DYLIB_INSTALL_NAME_BASE = "@rpath";
				INFOPLIST_FILE = Sources/Info.plist;
				INSTALL_PATH = "$(LOCAL_LIBRARY_DIR)/Frameworks";
				LD_RUNPATH_SEARCH_PATHS = "$(inherited) @executable_path/Frameworks @loader_path/Frameworks";
				PRODUCT_BUNDLE_IDENTIFIER = com.rubikon.AudioPlayer;
				PRODUCT_NAME = "$(TARGET_NAME)";
				SKIP_INSTALL = YES;
				SUPPORTED_PLATFORMS = "macosx iphoneos iphonesimulator appletvos appletvsimulator watchos watchsimulator";
				SWIFT_VERSION = 3.0;
			};
			name = Release;
		};
		363AED3C1EA6AECD001DA8E1 /* Debug */ = {
			isa = XCBuildConfiguration;
			buildSettings = {
				ALWAYS_EMBED_SWIFT_STANDARD_LIBRARIES = YES;
				DEVELOPMENT_TEAM = Y63DEDERL2;
				INFOPLIST_FILE = AudioPlayerTests/Info.plist;
				LD_RUNPATH_SEARCH_PATHS = "$(inherited) @executable_path/Frameworks @loader_path/Frameworks";
				PRODUCT_BUNDLE_IDENTIFIER = com.rubikon.AudioPlayerTests;
				PRODUCT_NAME = "$(TARGET_NAME)";
				SWIFT_VERSION = 3.0;
			};
			name = Debug;
		};
		363AED3D1EA6AECD001DA8E1 /* Release */ = {
			isa = XCBuildConfiguration;
			buildSettings = {
				ALWAYS_EMBED_SWIFT_STANDARD_LIBRARIES = YES;
				DEVELOPMENT_TEAM = Y63DEDERL2;
				INFOPLIST_FILE = AudioPlayerTests/Info.plist;
				LD_RUNPATH_SEARCH_PATHS = "$(inherited) @executable_path/Frameworks @loader_path/Frameworks";
				PRODUCT_BUNDLE_IDENTIFIER = com.rubikon.AudioPlayerTests;
				PRODUCT_NAME = "$(TARGET_NAME)";
				SWIFT_VERSION = 3.0;
			};
			name = Release;
		};
/* End XCBuildConfiguration section */

/* Begin XCConfigurationList section */
		363AED1E1EA6AECC001DA8E1 /* Build configuration list for PBXProject "AudioPlayer" */ = {
			isa = XCConfigurationList;
			buildConfigurations = (
				363AED361EA6AECD001DA8E1 /* Debug */,
				363AED371EA6AECD001DA8E1 /* Release */,
			);
			defaultConfigurationIsVisible = 0;
			defaultConfigurationName = Release;
		};
		363AED381EA6AECD001DA8E1 /* Build configuration list for PBXNativeTarget "AudioPlayer" */ = {
			isa = XCConfigurationList;
			buildConfigurations = (
				363AED391EA6AECD001DA8E1 /* Debug */,
				363AED3A1EA6AECD001DA8E1 /* Release */,
			);
			defaultConfigurationIsVisible = 0;
			defaultConfigurationName = Release;
		};
		363AED3B1EA6AECD001DA8E1 /* Build configuration list for PBXNativeTarget "AudioPlayerTests" */ = {
			isa = XCConfigurationList;
			buildConfigurations = (
				363AED3C1EA6AECD001DA8E1 /* Debug */,
				363AED3D1EA6AECD001DA8E1 /* Release */,
			);
			defaultConfigurationIsVisible = 0;
			defaultConfigurationName = Release;
		};
/* End XCConfigurationList section */
	};
	rootObject = 363AED1B1EA6AECC001DA8E1 /* Project object */;
}
